
Microsoft Visual Studio Solution File, Format Version 12.00
# Visual Studio Version 16
VisualStudioVersion = 16.0.30204.135
MinimumVisualStudioVersion = 10.0.40219.1
Project("{FAE04EC0-301F-11D3-BF4B-00C04F79EFBC}") = "UsingNunitAttributes", "UsingNunitAttributes\UsingNunitAttributes.csproj", "{928B6FE5-CD6D-409F-9202-DC9BF6820411}"
EndProject
Global
	GlobalSection(SolutionConfigurationPlatforms) = preSolution
		Debug|Any CPU = Debug|Any CPU
		Release|Any CPU = Release|Any CPU
	EndGlobalSection
	GlobalSection(ProjectConfigurationPlatforms) = postSolution
		{928B6FE5-CD6D-409F-9202-DC9BF6820411}.Debug|Any CPU.ActiveCfg = Debug|Any CPU
		{928B6FE5-CD6D-409F-9202-DC9BF6820411}.Debug|Any CPU.Build.0 = Debug|Any CPU
		{928B6FE5-CD6D-409F-9202-DC9BF6820411}.Release|Any CPU.ActiveCfg = Release|Any CPU
		{928B6FE5-CD6D-409F-9202-DC9BF6820411}.Release|Any CPU.Build.0 = Release|Any CPU
	EndGlobalSection
	GlobalSection(SolutionProperties) = preSolution
		HideSolutionNode = FALSE
	EndGlobalSection
	GlobalSection(ExtensibilityGlobals) = postSolution
		SolutionGuid = {9459F3ED-FDF4-454C-8DD6-2765B1BDFF73}
	EndGlobalSection
EndGlobal
